<Solution>
  <Project Path="API-GATEWAY/API-GATEWAY.csproj" />
  <Project Path="Authentication-Service/Authentication-Service.csproj" />
  <Project Path="MessageQueue-Service/MessageQueue-Service.csproj" />
  <Project Path="Product-Service/Product-Service.csproj" />
  <Project Path="Shared/Shared.csproj" />
</Solution>
